
Microsoft Visual Studio Solution File, Format Version 12.00
# Visual Studio Version 17
VisualStudioVersion = 17.0.31903.59
MinimumVisualStudioVersion = 10.0.40219.1
Project("{9A19103F-16F7-4668-BE54-9A1E7A4F7556}") = "Ipms.Core", "IPMS.Core\Ipms.Core.csproj", "{C67CEF98-7F21-4BF4-A3F4-23CE28717221}"
EndProject
Global
	GlobalSection(SolutionConfigurationPlatforms) = preSolution
		Debug|Any CPU = Debug|Any CPU
		Release|Any CPU = Release|Any CPU
	EndGlobalSection
	GlobalSection(ProjectConfigurationPlatforms) = postSolution
		{C67CEF98-7F21-4BF4-A3F4-23CE28717221}.Debug|Any CPU.ActiveCfg = Debug|Any CPU
		{C67CEF98-7F21-4BF4-A3F4-23CE28717221}.Debug|Any CPU.Build.0 = Debug|Any CPU
		{C67CEF98-7F21-4BF4-A3F4-23CE28717221}.Release|Any CPU.ActiveCfg = Release|Any CPU
		{C67CEF98-7F21-4BF4-A3F4-23CE28717221}.Release|Any CPU.Build.0 = Release|Any CPU
	EndGlobalSection
	GlobalSection(SolutionProperties) = preSolution
		HideSolutionNode = FALSE
	EndGlobalSection
	GlobalSection(ExtensibilityGlobals) = postSolution
		SolutionGuid = {8CC9D5CC-7385-4C5A-B5F2-EF137FC0422E}
	EndGlobalSection
EndGlobal
